
Microsoft Visual Studio Solution File, Format Version 12.00
# Visual Studio 14
VisualStudioVersion = 14.0.25123.0
MinimumVisualStudioVersion = 10.0.40219.1
Project("{888888A0-9F3D-457C-B088-3A5042F75D52}") = "lecture1", "lecture1\lecture1.pyproj", "{3A110C90-FD3E-4D52-988E-827981D5E902}"
EndProject
Project("{888888A0-9F3D-457C-B088-3A5042F75D52}") = "lectur3", "lectur3\lectur3.pyproj", "{0996FAB6-0C6A-4CDA-A89B-8915A849D95A}"
EndProject
Global
	GlobalSection(SolutionConfigurationPlatforms) = preSolution
		Debug|Any CPU = Debug|Any CPU
		Release|Any CPU = Release|Any CPU
	EndGlobalSection
	GlobalSection(ProjectConfigurationPlatforms) = postSolution
		{3A110C90-FD3E-4D52-988E-827981D5E902}.Debug|Any CPU.ActiveCfg = Debug|Any CPU
		{3A110C90-FD3E-4D52-988E-827981D5E902}.Release|Any CPU.ActiveCfg = Release|Any CPU
		{0996FAB6-0C6A-4CDA-A89B-8915A849D95A}.Debug|Any CPU.ActiveCfg = Debug|Any CPU
		{0996FAB6-0C6A-4CDA-A89B-8915A849D95A}.Release|Any CPU.ActiveCfg = Release|Any CPU
	EndGlobalSection
	GlobalSection(SolutionProperties) = preSolution
		HideSolutionNode = FALSE
	EndGlobalSection
EndGlobal
